
Microsoft Visual Studio Solution File, Format Version 12.00
# Visual Studio Version 17
VisualStudioVersion = 17.14.36203.30
MinimumVisualStudioVersion = 10.0.40219.1
Project("{FAE04EC0-301F-11D3-BF4B-00C04F79EFBC}") = "Connect", "Connect\Connect.csproj", "{BA4DB749-5A73-4793-B853-A6172FAB1C2D}"
EndProject
Project("{FAE04EC0-301F-11D3-BF4B-00C04F79EFBC}") = "Connect.DataAccess", "Connect.DataAccess\Connect.DataAccess.csproj", "{7F38F2A7-65AE-4E49-BA0A-DF23C5D7605F}"
EndProject
Project("{FAE04EC0-301F-11D3-BF4B-00C04F79EFBC}") = "Connect.Models", "Connect.Models\Connect.Models.csproj", "{3EC86DDB-99CD-40EF-93A6-AF6F4294011E}"
EndProject
Global
	GlobalSection(SolutionConfigurationPlatforms) = preSolution
		Debug|Any CPU = Debug|Any CPU
		Release|Any CPU = Release|Any CPU
	EndGlobalSection
	GlobalSection(ProjectConfigurationPlatforms) = postSolution
		{BA4DB749-5A73-4793-B853-A6172FAB1C2D}.Debug|Any CPU.ActiveCfg = Debug|Any CPU
		{BA4DB749-5A73-4793-B853-A6172FAB1C2D}.Debug|Any CPU.Build.0 = Debug|Any CPU
		{BA4DB749-5A73-4793-B853-A6172FAB1C2D}.Release|Any CPU.ActiveCfg = Release|Any CPU
		{BA4DB749-5A73-4793-B853-A6172FAB1C2D}.Release|Any CPU.Build.0 = Release|Any CPU
		{7F38F2A7-65AE-4E49-BA0A-DF23C5D7605F}.Debug|Any CPU.ActiveCfg = Debug|Any CPU
		{7F38F2A7-65AE-4E49-BA0A-DF23C5D7605F}.Debug|Any CPU.Build.0 = Debug|Any CPU
		{7F38F2A7-65AE-4E49-BA0A-DF23C5D7605F}.Release|Any CPU.ActiveCfg = Release|Any CPU
		{7F38F2A7-65AE-4E49-BA0A-DF23C5D7605F}.Release|Any CPU.Build.0 = Release|Any CPU
		{3EC86DDB-99CD-40EF-93A6-AF6F4294011E}.Debug|Any CPU.ActiveCfg = Debug|Any CPU
		{3EC86DDB-99CD-40EF-93A6-AF6F4294011E}.Debug|Any CPU.Build.0 = Debug|Any CPU
		{3EC86DDB-99CD-40EF-93A6-AF6F4294011E}.Release|Any CPU.ActiveCfg = Release|Any CPU
		{3EC86DDB-99CD-40EF-93A6-AF6F4294011E}.Release|Any CPU.Build.0 = Release|Any CPU
	EndGlobalSection
	GlobalSection(SolutionProperties) = preSolution
		HideSolutionNode = FALSE
	EndGlobalSection
	GlobalSection(ExtensibilityGlobals) = postSolution
		SolutionGuid = {684CB4A8-DCA1-43D1-91B1-FC463CA445E6}
	EndGlobalSection
EndGlobal
